
Microsoft Visual Studio Solution File, Format Version 12.00
# Visual Studio Version 17
VisualStudioVersion = 17.9.34728.123
MinimumVisualStudioVersion = 10.0.40219.1
Project("{9A19103F-16F7-4668-BE54-9A1E7A4F7556}") = "CoreApi", "MidExam31-8-24\CoreApi.csproj", "{C156E877-16CA-4ADB-BF64-C800D62C5101}"
EndProject
Global
	GlobalSection(SolutionConfigurationPlatforms) = preSolution
		Debug|Any CPU = Debug|Any CPU
		Release|Any CPU = Release|Any CPU
	EndGlobalSection
	GlobalSection(ProjectConfigurationPlatforms) = postSolution
		{C156E877-16CA-4ADB-BF64-C800D62C5101}.Debug|Any CPU.ActiveCfg = Debug|Any CPU
		{C156E877-16CA-4ADB-BF64-C800D62C5101}.Debug|Any CPU.Build.0 = Debug|Any CPU
		{C156E877-16CA-4ADB-BF64-C800D62C5101}.Release|Any CPU.ActiveCfg = Release|Any CPU
		{C156E877-16CA-4ADB-BF64-C800D62C5101}.Release|Any CPU.Build.0 = Release|Any CPU
	EndGlobalSection
	GlobalSection(SolutionProperties) = preSolution
		HideSolutionNode = FALSE
	EndGlobalSection
	GlobalSection(ExtensibilityGlobals) = postSolution
		SolutionGuid = {FFF97A1C-AF57-4A0A-895F-EB61976973CA}
	EndGlobalSection
EndGlobal
